// !$*UTF8*$!
{
	archiveVersion = 1;
	classes = {
	};
	objectVersion = 50;
	objects = {

/* Begin PBXFileReference section */
		04271DDC2546761C00A10B27 /* md5.swift */ = {isa = PBXFileReference; lastKnownFileType = sourcecode.swift; path = md5.swift; sourceTree = "<group>"; };
		04271DDE254676D600A10B27 /* README.md */ = {isa = PBXFileReference; lastKnownFileType = net.daringfireball.markdown; path = README.md; sourceTree = "<group>"; };
/* End PBXFileReference section */

/* Begin PBXGroup section */
		04271DD5254675F700A10B27 = {
			isa = PBXGroup;
			children = (
				04271DDE254676D600A10B27 /* README.md */,
				04271DDC2546761C00A10B27 /* md5.swift */,
			);
			sourceTree = "<group>";
		};
/* End PBXGroup section */

/* Begin PBXProject section */
		04271DD6254675F700A10B27 /* Project object */ = {
			isa = PBXProject;
			attributes = {
				LastUpgradeCheck = 1200;
			};
			buildConfigurationList = 04271DD9254675F700A10B27 /* Build configuration list for PBXProject "encrypt" */;
			compatibilityVersion = "Xcode 9.3";
			developmentRegion = en;
			hasScannedForEncodings = 0;
			knownRegions = (
				en,
				Base,
			);
			mainGroup = 04271DD5254675F700A10B27;
			projectDirPath = "";
			projectRoot = "";
			targets = (
			);
		};
/* End PBXProject section */

/* Begin XCBuildConfiguration section */
		04271DDA254675F700A10B27 /* Debug */ = {
			isa = XCBuildConfiguration;
			buildSettings = {
			};
			name = Debug;
		};
		04271DDB254675F700A10B27 /* Release */ = {
			isa = XCBuildConfiguration;
			buildSettings = {
			};
			name = Release;
		};
/* End XCBuildConfiguration section */

/* Begin XCConfigurationList section */
		04271DD9254675F700A10B27 /* Build configuration list for PBXProject "encrypt" */ = {
			isa = XCConfigurationList;
			buildConfigurations = (
				04271DDA254675F700A10B27 /* Debug */,
				04271DDB254675F700A10B27 /* Release */,
			);
			defaultConfigurationIsVisible = 0;
			defaultConfigurationName = Release;
		};
/* End XCConfigurationList section */
	};
	rootObject = 04271DD6254675F700A10B27 /* Project object */;
}
